
Microsoft Visual Studio Solution File, Format Version 12.00
# Visual Studio Version 17
VisualStudioVersion = 17.4.33213.308
MinimumVisualStudioVersion = 10.0.40219.1
Project("{9A19103F-16F7-4668-BE54-9A1E7A4F7556}") = "APS", "APS\APS.csproj", "{07CC091F-2C4B-470C-B038-E2A7B4131FEF}"
EndProject
Global
	GlobalSection(SolutionConfigurationPlatforms) = preSolution
		Debug|Any CPU = Debug|Any CPU
		Release|Any CPU = Release|Any CPU
	EndGlobalSection
	GlobalSection(ProjectConfigurationPlatforms) = postSolution
		{07CC091F-2C4B-470C-B038-E2A7B4131FEF}.Debug|Any CPU.ActiveCfg = Debug|Any CPU
		{07CC091F-2C4B-470C-B038-E2A7B4131FEF}.Debug|Any CPU.Build.0 = Debug|Any CPU
		{07CC091F-2C4B-470C-B038-E2A7B4131FEF}.Release|Any CPU.ActiveCfg = Release|Any CPU
		{07CC091F-2C4B-470C-B038-E2A7B4131FEF}.Release|Any CPU.Build.0 = Release|Any CPU
	EndGlobalSection
	GlobalSection(SolutionProperties) = preSolution
		HideSolutionNode = FALSE
	EndGlobalSection
	GlobalSection(ExtensibilityGlobals) = postSolution
		SolutionGuid = {9A835C37-4CF0-4CB9-8684-230AF28DFFF2}
	EndGlobalSection
EndGlobal
